<?xml version="1.0" encoding="utf-8"?>
<Project ToolsVersion="4.0" xmlns="http://schemas.microsoft.com/developer/msbuild/2003">
  <ItemGroup>
    <Filter Include="Source Files">
      <UniqueIdentifier>{4FC737F1-C7A5-4376-A066-2A32D752A2FF}</UniqueIdentifier>
      <Extensions>cpp;c;cc;cxx;c++;cppm;ixx;def;odl;idl;hpj;bat;asm;asmx</Extensions>
    </Filter>
    <Filter Include="Header Files">
      <UniqueIdentifier>{93995380-89BD-4b04-88EB-625FBE52EBFB}</UniqueIdentifier>
      <Extensions>h;hh;hpp;hxx;h++;hm;inl;inc;ipp;xsd</Extensions>
    </Filter>
    <Filter Include="Resource Files">
      <UniqueIdentifier>{67DA6AB6-F800-4c08-8B7A-83BB121AAD01}</UniqueIdentifier>
      <Extensions>rc;ico;cur;bmp;dlg;rc2;rct;bin;rgs;gif;jpg;jpeg;jpe;resx;tiff;tif;png;wav;mfcribbon-ms</Extensions>
    </Filter>
    <Filter Include="Source Files\discordGameSDK">
      <UniqueIdentifier>{aeaa1065-65d2-4392-9696-90ced6252a33}</UniqueIdentifier>
    </Filter>
    <Filter Include="Source Files\storyElements">
      <UniqueIdentifier>{02adb563-2f6b-4fcd-98c4-2c71db7dc24d}</UniqueIdentifier>
    </Filter>
  </ItemGroup>
  <ItemGroup>
    <ClCompile Include="catgirl.cpp">
      <Filter>Source Files</Filter>
    </ClCompile>
    <ClCompile Include="init_sgm.cpp">
      <Filter>Source Files</Filter>
    </ClCompile>
    <ClCompile Include="scene_intro.cpp">
      <Filter>Source Files</Filter>
    </ClCompile>
    <ClCompile Include="source.cpp">
      <Filter>Source Files</Filter>
    </ClCompile>
    <ClCompile Include="discordintegration.cpp">
      <Filter>Source Files</Filter>
    </ClCompile>
    <ClCompile Include="..\libs_path\discord_game_sdk\cpp\activity_manager.cpp">
      <Filter>Source Files\discordGameSDK</Filter>
    </ClCompile>
    <ClCompile Include="..\libs_path\discord_game_sdk\cpp\application_manager.cpp">
      <Filter>Source Files\discordGameSDK</Filter>
    </ClCompile>
    <ClCompile Include="..\libs_path\discord_game_sdk\cpp\core.cpp">
      <Filter>Source Files\discordGameSDK</Filter>
    </ClCompile>
    <ClCompile Include="..\libs_path\discord_game_sdk\cpp\image_manager.cpp">
      <Filter>Source Files\discordGameSDK</Filter>
    </ClCompile>
    <ClCompile Include="..\libs_path\discord_game_sdk\cpp\lobby_manager.cpp">
      <Filter>Source Files\discordGameSDK</Filter>
    </ClCompile>
    <ClCompile Include="..\libs_path\discord_game_sdk\cpp\network_manager.cpp">
      <Filter>Source Files\discordGameSDK</Filter>
    </ClCompile>
    <ClCompile Include="..\libs_path\discord_game_sdk\cpp\overlay_manager.cpp">
      <Filter>Source Files\discordGameSDK</Filter>
    </ClCompile>
    <ClCompile Include="..\libs_path\discord_game_sdk\cpp\relationship_manager.cpp">
      <Filter>Source Files\discordGameSDK</Filter>
    </ClCompile>
    <ClCompile Include="..\libs_path\discord_game_sdk\cpp\storage_manager.cpp">
      <Filter>Source Files\discordGameSDK</Filter>
    </ClCompile>
    <ClCompile Include="..\libs_path\discord_game_sdk\cpp\store_manager.cpp">
      <Filter>Source Files\discordGameSDK</Filter>
    </ClCompile>
    <ClCompile Include="..\libs_path\discord_game_sdk\cpp\types.cpp">
      <Filter>Source Files\discordGameSDK</Filter>
    </ClCompile>
    <ClCompile Include="..\libs_path\discord_game_sdk\cpp\user_manager.cpp">
      <Filter>Source Files\discordGameSDK</Filter>
    </ClCompile>
    <ClCompile Include="..\libs_path\discord_game_sdk\cpp\voice_manager.cpp">
      <Filter>Source Files\discordGameSDK</Filter>
    </ClCompile>
    <ClCompile Include="..\libs_path\discord_game_sdk\cpp\achievement_manager.cpp">
      <Filter>Source Files\discordGameSDK</Filter>
    </ClCompile>
  </ItemGroup>
  <ItemGroup>
    <ClInclude Include="catgirl.h">
      <Filter>Source Files</Filter>
    </ClInclude>
    <ClInclude Include="init_sgm.h">
      <Filter>Source Files</Filter>
    </ClInclude>
    <ClInclude Include="scene_intro.h">
      <Filter>Source Files</Filter>
    </ClInclude>
    <ClInclude Include="discordintegration.h">
      <Filter>Source Files</Filter>
    </ClInclude>
    <ClInclude Include="chapter1.hpp">
      <Filter>Source Files\storyElements</Filter>
    </ClInclude>
    <ClInclude Include="story.h">
      <Filter>Source Files\storyElements</Filter>
    </ClInclude>
  </ItemGroup>
</Project>